
Microsoft Visual Studio Solution File, Format Version 12.00
# Visual Studio Version 16
VisualStudioVersion = 16.0.29009.5
MinimumVisualStudioVersion = 10.0.40219.1
Project("{FAE04EC0-301F-11D3-BF4B-00C04F79EFBC}") = "ReqRouterClient", "ReqRouterClient.csproj", "{CDC9DA96-29E3-4C5C-9748-D1AE4E3D69AB}"
EndProject
Global
	GlobalSection(SolutionConfigurationPlatforms) = preSolution
		Debug|Any CPU = Debug|Any CPU
		Release|Any CPU = Release|Any CPU
	EndGlobalSection
	GlobalSection(ProjectConfigurationPlatforms) = postSolution
		{CDC9DA96-29E3-4C5C-9748-D1AE4E3D69AB}.Debug|Any CPU.ActiveCfg = Debug|Any CPU
		{CDC9DA96-29E3-4C5C-9748-D1AE4E3D69AB}.Debug|Any CPU.Build.0 = Debug|Any CPU
		{CDC9DA96-29E3-4C5C-9748-D1AE4E3D69AB}.Release|Any CPU.ActiveCfg = Release|Any CPU
		{CDC9DA96-29E3-4C5C-9748-D1AE4E3D69AB}.Release|Any CPU.Build.0 = Release|Any CPU
	EndGlobalSection
	GlobalSection(SolutionProperties) = preSolution
		HideSolutionNode = FALSE
	EndGlobalSection
	GlobalSection(ExtensibilityGlobals) = postSolution
		SolutionGuid = {41DA187F-3B8B-4401-8C81-EE395B923DB4}
	EndGlobalSection
EndGlobal
