
Microsoft Visual Studio Solution File, Format Version 12.00
# Visual Studio 15
VisualStudioVersion = 15.0.27130.2010
MinimumVisualStudioVersion = 10.0.40219.1
Project("{FAE04EC0-301F-11D3-BF4B-00C04F79EFBC}") = "TcpDummyClient", "TcpDummyClient.csproj", "{06B65703-5972-46BD-AD94-EA783B92A3E3}"
EndProject
Project("{9A19103F-16F7-4668-BE54-9A1E7A4F7556}") = "NPSBDummyLib", "..\NPSBDummyLib\NPSBDummyLib.csproj", "{EBEE69EA-84CB-4171-83EA-F764F4606B6C}"
EndProject
Global
	GlobalSection(SolutionConfigurationPlatforms) = preSolution
		Debug|Any CPU = Debug|Any CPU
		Release|Any CPU = Release|Any CPU
	EndGlobalSection
	GlobalSection(ProjectConfigurationPlatforms) = postSolution
		{06B65703-5972-46BD-AD94-EA783B92A3E3}.Debug|Any CPU.ActiveCfg = Debug|Any CPU
		{06B65703-5972-46BD-AD94-EA783B92A3E3}.Debug|Any CPU.Build.0 = Debug|Any CPU
		{06B65703-5972-46BD-AD94-EA783B92A3E3}.Release|Any CPU.ActiveCfg = Release|Any CPU
		{06B65703-5972-46BD-AD94-EA783B92A3E3}.Release|Any CPU.Build.0 = Release|Any CPU
		{EBEE69EA-84CB-4171-83EA-F764F4606B6C}.Debug|Any CPU.ActiveCfg = Debug|Any CPU
		{EBEE69EA-84CB-4171-83EA-F764F4606B6C}.Debug|Any CPU.Build.0 = Debug|Any CPU
		{EBEE69EA-84CB-4171-83EA-F764F4606B6C}.Release|Any CPU.ActiveCfg = Release|Any CPU
		{EBEE69EA-84CB-4171-83EA-F764F4606B6C}.Release|Any CPU.Build.0 = Release|Any CPU
	EndGlobalSection
	GlobalSection(SolutionProperties) = preSolution
		HideSolutionNode = FALSE
	EndGlobalSection
	GlobalSection(ExtensibilityGlobals) = postSolution
		SolutionGuid = {2928A1EA-6198-4FAA-BA2D-DBFB63EB5597}
	EndGlobalSection
EndGlobal
