
Microsoft Visual Studio Solution File, Format Version 12.00
# Visual Studio Version 17
VisualStudioVersion = 17.2.32516.85
MinimumVisualStudioVersion = 10.0.40219.1
Project("{FAE04EC0-301F-11D3-BF4B-00C04F79EFBC}") = "RUDPNet", "RUDPNet.csproj", "{DD05359B-652D-45C9-9DD0-F31A19F1386F}"
EndProject
Global
	GlobalSection(SolutionConfigurationPlatforms) = preSolution
		Debug|Any CPU = Debug|Any CPU
		Release|Any CPU = Release|Any CPU
	EndGlobalSection
	GlobalSection(ProjectConfigurationPlatforms) = postSolution
		{DD05359B-652D-45C9-9DD0-F31A19F1386F}.Debug|Any CPU.ActiveCfg = Debug|Any CPU
		{DD05359B-652D-45C9-9DD0-F31A19F1386F}.Debug|Any CPU.Build.0 = Debug|Any CPU
		{DD05359B-652D-45C9-9DD0-F31A19F1386F}.Release|Any CPU.ActiveCfg = Release|Any CPU
		{DD05359B-652D-45C9-9DD0-F31A19F1386F}.Release|Any CPU.Build.0 = Release|Any CPU
	EndGlobalSection
	GlobalSection(SolutionProperties) = preSolution
		HideSolutionNode = FALSE
	EndGlobalSection
	GlobalSection(ExtensibilityGlobals) = postSolution
		SolutionGuid = {5526C3E7-D106-4F8D-B747-EA1E9D67DA33}
	EndGlobalSection
EndGlobal
